
Microsoft Visual Studio Solution File, Format Version 12.00
# Visual Studio 15
VisualStudioVersion = 15.0.27130.2027
MinimumVisualStudioVersion = 10.0.40219.1
Project("{FAE04EC0-301F-11D3-BF4B-00C04F79EFBC}") = "Задание 5", "Задание 5\Задание 5.csproj", "{46D50D72-97C4-43C7-AA8E-E2DC7F7C458A}"
EndProject
Global
	GlobalSection(SolutionConfigurationPlatforms) = preSolution
		Debug|Any CPU = Debug|Any CPU
		Release|Any CPU = Release|Any CPU
	EndGlobalSection
	GlobalSection(ProjectConfigurationPlatforms) = postSolution
		{46D50D72-97C4-43C7-AA8E-E2DC7F7C458A}.Debug|Any CPU.ActiveCfg = Debug|Any CPU
		{46D50D72-97C4-43C7-AA8E-E2DC7F7C458A}.Debug|Any CPU.Build.0 = Debug|Any CPU
		{46D50D72-97C4-43C7-AA8E-E2DC7F7C458A}.Release|Any CPU.ActiveCfg = Release|Any CPU
		{46D50D72-97C4-43C7-AA8E-E2DC7F7C458A}.Release|Any CPU.Build.0 = Release|Any CPU
	EndGlobalSection
	GlobalSection(SolutionProperties) = preSolution
		HideSolutionNode = FALSE
	EndGlobalSection
	GlobalSection(ExtensibilityGlobals) = postSolution
		SolutionGuid = {709FBA1B-EAFF-4D8D-8EF9-201BBB4DDF7B}
	EndGlobalSection
EndGlobal
