
Microsoft Visual Studio Solution File, Format Version 12.00
# Visual Studio 15
VisualStudioVersion = 15.0.27130.2027
MinimumVisualStudioVersion = 10.0.40219.1
Project("{FAE04EC0-301F-11D3-BF4B-00C04F79EFBC}") = "Задача 6", "Задача 6\Задача 6.csproj", "{AAD15995-EBC6-4267-B080-ED084F6385FF}"
EndProject
Global
	GlobalSection(SolutionConfigurationPlatforms) = preSolution
		Debug|Any CPU = Debug|Any CPU
		Release|Any CPU = Release|Any CPU
	EndGlobalSection
	GlobalSection(ProjectConfigurationPlatforms) = postSolution
		{AAD15995-EBC6-4267-B080-ED084F6385FF}.Debug|Any CPU.ActiveCfg = Debug|Any CPU
		{AAD15995-EBC6-4267-B080-ED084F6385FF}.Debug|Any CPU.Build.0 = Debug|Any CPU
		{AAD15995-EBC6-4267-B080-ED084F6385FF}.Release|Any CPU.ActiveCfg = Release|Any CPU
		{AAD15995-EBC6-4267-B080-ED084F6385FF}.Release|Any CPU.Build.0 = Release|Any CPU
	EndGlobalSection
	GlobalSection(SolutionProperties) = preSolution
		HideSolutionNode = FALSE
	EndGlobalSection
	GlobalSection(ExtensibilityGlobals) = postSolution
		SolutionGuid = {3BD135CD-6BBD-46D7-8383-C3A15EFAF451}
	EndGlobalSection
EndGlobal
