
Microsoft Visual Studio Solution File, Format Version 12.00
# Visual Studio 15
VisualStudioVersion = 15.0.27130.2036
MinimumVisualStudioVersion = 10.0.40219.1
Project("{FAE04EC0-301F-11D3-BF4B-00C04F79EFBC}") = "Задание 2", "Задание 2\Задание 2.csproj", "{2880CE04-7B7D-487B-80DA-6BA922115CCF}"
EndProject
Global
	GlobalSection(SolutionConfigurationPlatforms) = preSolution
		Debug|Any CPU = Debug|Any CPU
		Release|Any CPU = Release|Any CPU
	EndGlobalSection
	GlobalSection(ProjectConfigurationPlatforms) = postSolution
		{2880CE04-7B7D-487B-80DA-6BA922115CCF}.Debug|Any CPU.ActiveCfg = Debug|Any CPU
		{2880CE04-7B7D-487B-80DA-6BA922115CCF}.Debug|Any CPU.Build.0 = Debug|Any CPU
		{2880CE04-7B7D-487B-80DA-6BA922115CCF}.Release|Any CPU.ActiveCfg = Release|Any CPU
		{2880CE04-7B7D-487B-80DA-6BA922115CCF}.Release|Any CPU.Build.0 = Release|Any CPU
	EndGlobalSection
	GlobalSection(SolutionProperties) = preSolution
		HideSolutionNode = FALSE
	EndGlobalSection
	GlobalSection(ExtensibilityGlobals) = postSolution
		SolutionGuid = {B4EB9FA3-77C1-4067-A754-F80E66F9D46F}
	EndGlobalSection
EndGlobal
