
Microsoft Visual Studio Solution File, Format Version 12.00
# Visual Studio 15
VisualStudioVersion = 15.0.27130.2027
MinimumVisualStudioVersion = 10.0.40219.1
Project("{FAE04EC0-301F-11D3-BF4B-00C04F79EFBC}") = "Задание 1", "Задание 1\Задание 1.csproj", "{682C7347-3E3D-409A-8AB5-B475B666075D}"
EndProject
Global
	GlobalSection(SolutionConfigurationPlatforms) = preSolution
		Debug|Any CPU = Debug|Any CPU
		Release|Any CPU = Release|Any CPU
	EndGlobalSection
	GlobalSection(ProjectConfigurationPlatforms) = postSolution
		{682C7347-3E3D-409A-8AB5-B475B666075D}.Debug|Any CPU.ActiveCfg = Debug|Any CPU
		{682C7347-3E3D-409A-8AB5-B475B666075D}.Debug|Any CPU.Build.0 = Debug|Any CPU
		{682C7347-3E3D-409A-8AB5-B475B666075D}.Release|Any CPU.ActiveCfg = Release|Any CPU
		{682C7347-3E3D-409A-8AB5-B475B666075D}.Release|Any CPU.Build.0 = Release|Any CPU
	EndGlobalSection
	GlobalSection(SolutionProperties) = preSolution
		HideSolutionNode = FALSE
	EndGlobalSection
	GlobalSection(ExtensibilityGlobals) = postSolution
		SolutionGuid = {608CFD9E-95AB-46E2-88B4-77755CAE6FC5}
	EndGlobalSection
EndGlobal
