
Microsoft Visual Studio Solution File, Format Version 12.00
# Visual Studio 14
VisualStudioVersion = 14.0.25123.0
MinimumVisualStudioVersion = 10.0.40219.1
Project("{FAE04EC0-301F-11D3-BF4B-00C04F79EFBC}") = "37-2", "37-2\37-2.csproj", "{AC693B1C-CD73-4557-B73D-6409D793E62E}"
EndProject
Global
	GlobalSection(SolutionConfigurationPlatforms) = preSolution
		Debug|Any CPU = Debug|Any CPU
		Release|Any CPU = Release|Any CPU
	EndGlobalSection
	GlobalSection(ProjectConfigurationPlatforms) = postSolution
		{AC693B1C-CD73-4557-B73D-6409D793E62E}.Debug|Any CPU.ActiveCfg = Debug|Any CPU
		{AC693B1C-CD73-4557-B73D-6409D793E62E}.Debug|Any CPU.Build.0 = Debug|Any CPU
		{AC693B1C-CD73-4557-B73D-6409D793E62E}.Release|Any CPU.ActiveCfg = Release|Any CPU
		{AC693B1C-CD73-4557-B73D-6409D793E62E}.Release|Any CPU.Build.0 = Release|Any CPU
	EndGlobalSection
	GlobalSection(SolutionProperties) = preSolution
		HideSolutionNode = FALSE
	EndGlobalSection
EndGlobal
