
Microsoft Visual Studio Solution File, Format Version 12.00
# Visual Studio 15
VisualStudioVersion = 15.0.27130.2036
MinimumVisualStudioVersion = 10.0.40219.1
Project("{FAE04EC0-301F-11D3-BF4B-00C04F79EFBC}") = "Задание 4", "Задание 4\Задание 4.csproj", "{CF04273D-848A-47EA-8740-C11E1A22E53D}"
EndProject
Global
	GlobalSection(SolutionConfigurationPlatforms) = preSolution
		Debug|Any CPU = Debug|Any CPU
		Release|Any CPU = Release|Any CPU
	EndGlobalSection
	GlobalSection(ProjectConfigurationPlatforms) = postSolution
		{CF04273D-848A-47EA-8740-C11E1A22E53D}.Debug|Any CPU.ActiveCfg = Debug|Any CPU
		{CF04273D-848A-47EA-8740-C11E1A22E53D}.Debug|Any CPU.Build.0 = Debug|Any CPU
		{CF04273D-848A-47EA-8740-C11E1A22E53D}.Release|Any CPU.ActiveCfg = Release|Any CPU
		{CF04273D-848A-47EA-8740-C11E1A22E53D}.Release|Any CPU.Build.0 = Release|Any CPU
	EndGlobalSection
	GlobalSection(SolutionProperties) = preSolution
		HideSolutionNode = FALSE
	EndGlobalSection
	GlobalSection(ExtensibilityGlobals) = postSolution
		SolutionGuid = {D369A0A1-6E9D-4836-9038-0C56F19550D2}
	EndGlobalSection
EndGlobal
