
Microsoft Visual Studio Solution File, Format Version 12.00
# Visual Studio 14
VisualStudioVersion = 14.0.25123.0
MinimumVisualStudioVersion = 10.0.40219.1
Project("{FAE04EC0-301F-11D3-BF4B-00C04F79EFBC}") = "25", "25\25.csproj", "{B07DB55E-FEF9-40C8-A901-599192295038}"
EndProject
Global
	GlobalSection(SolutionConfigurationPlatforms) = preSolution
		Debug|Any CPU = Debug|Any CPU
		Release|Any CPU = Release|Any CPU
	EndGlobalSection
	GlobalSection(ProjectConfigurationPlatforms) = postSolution
		{B07DB55E-FEF9-40C8-A901-599192295038}.Debug|Any CPU.ActiveCfg = Debug|Any CPU
		{B07DB55E-FEF9-40C8-A901-599192295038}.Debug|Any CPU.Build.0 = Debug|Any CPU
		{B07DB55E-FEF9-40C8-A901-599192295038}.Release|Any CPU.ActiveCfg = Release|Any CPU
		{B07DB55E-FEF9-40C8-A901-599192295038}.Release|Any CPU.Build.0 = Release|Any CPU
	EndGlobalSection
	GlobalSection(SolutionProperties) = preSolution
		HideSolutionNode = FALSE
	EndGlobalSection
EndGlobal
